
Microsoft Visual Studio Solution File, Format Version 12.00
# Visual Studio Version 17
VisualStudioVersion = 17.8.34330.188
MinimumVisualStudioVersion = 10.0.40219.1
Project("{FAE04EC0-301F-11D3-BF4B-00C04F79EFBC}") = "AppointmentsManagerApp.Server", "AppointmentsManagerApp.Server\AppointmentsManagerApp.Server.csproj", "{55B12DD4-01C0-46A9-BF19-1AD65BA5EB3A}"
EndProject
Project("{54A90642-561A-4BB1-A94E-469ADEE60C69}") = "appointmentsmanagerapp.client", "appointmentsmanagerapp.client\appointmentsmanagerapp.client.esproj", "{F1986BCF-ADDD-437E-BD87-3F8789850EA3}"
EndProject
Global
	GlobalSection(SolutionConfigurationPlatforms) = preSolution
		Debug|Any CPU = Debug|Any CPU
		Release|Any CPU = Release|Any CPU
	EndGlobalSection
	GlobalSection(ProjectConfigurationPlatforms) = postSolution
		{55B12DD4-01C0-46A9-BF19-1AD65BA5EB3A}.Debug|Any CPU.ActiveCfg = Debug|Any CPU
		{55B12DD4-01C0-46A9-BF19-1AD65BA5EB3A}.Debug|Any CPU.Build.0 = Debug|Any CPU
		{55B12DD4-01C0-46A9-BF19-1AD65BA5EB3A}.Release|Any CPU.ActiveCfg = Release|Any CPU
		{55B12DD4-01C0-46A9-BF19-1AD65BA5EB3A}.Release|Any CPU.Build.0 = Release|Any CPU
		{F1986BCF-ADDD-437E-BD87-3F8789850EA3}.Debug|Any CPU.ActiveCfg = Debug|Any CPU
		{F1986BCF-ADDD-437E-BD87-3F8789850EA3}.Debug|Any CPU.Build.0 = Debug|Any CPU
		{F1986BCF-ADDD-437E-BD87-3F8789850EA3}.Debug|Any CPU.Deploy.0 = Debug|Any CPU
		{F1986BCF-ADDD-437E-BD87-3F8789850EA3}.Release|Any CPU.ActiveCfg = Release|Any CPU
		{F1986BCF-ADDD-437E-BD87-3F8789850EA3}.Release|Any CPU.Build.0 = Release|Any CPU
		{F1986BCF-ADDD-437E-BD87-3F8789850EA3}.Release|Any CPU.Deploy.0 = Release|Any CPU
	EndGlobalSection
	GlobalSection(SolutionProperties) = preSolution
		HideSolutionNode = FALSE
	EndGlobalSection
	GlobalSection(ExtensibilityGlobals) = postSolution
		SolutionGuid = {161343EC-523F-4196-8B14-4707A1DA6BDB}
	EndGlobalSection
EndGlobal
